Microsoft Visual Studio Solution File, Format Version 12.00
# Visual Studio Version 17
VisualStudioVersion = 17.5.2.0
MinimumVisualStudioVersion = 10.0.40219.1
Project("{FAE04EC0-301F-11D3-BF4B-00C04F79EFBC}") = "lab-1-toliik-nooolik", "lab-1-toliik-nooolik.csproj", "{86B3DCA0-9CA9-9301-0B87-3FD69163B265}"
EndProject
Project("{FAE04EC0-301F-11D3-BF4B-00C04F79EFBC}") = "hangman.Tests", "hangman.Tests\hangman.Tests.csproj", "{06C480D9-66F1-A7D5-C061-ACF68C433213}"
EndProject
Global
	GlobalSection(SolutionConfigurationPlatforms) = preSolution
		Debug|Any CPU = Debug|Any CPU
		Release|Any CPU = Release|Any CPU
	EndGlobalSection
	GlobalSection(ProjectConfigurationPlatforms) = postSolution
		{86B3DCA0-9CA9-9301-0B87-3FD69163B265}.Debug|Any CPU.ActiveCfg = Debug|Any CPU
		{86B3DCA0-9CA9-9301-0B87-3FD69163B265}.Debug|Any CPU.Build.0 = Debug|Any CPU
		{86B3DCA0-9CA9-9301-0B87-3FD69163B265}.Release|Any CPU.ActiveCfg = Release|Any CPU
		{86B3DCA0-9CA9-9301-0B87-3FD69163B265}.Release|Any CPU.Build.0 = Release|Any CPU
		{06C480D9-66F1-A7D5-C061-ACF68C433213}.Debug|Any CPU.ActiveCfg = Debug|Any CPU
		{06C480D9-66F1-A7D5-C061-ACF68C433213}.Debug|Any CPU.Build.0 = Debug|Any CPU
		{06C480D9-66F1-A7D5-C061-ACF68C433213}.Release|Any CPU.ActiveCfg = Release|Any CPU
		{06C480D9-66F1-A7D5-C061-ACF68C433213}.Release|Any CPU.Build.0 = Release|Any CPU
	EndGlobalSection
	GlobalSection(SolutionProperties) = preSolution
		HideSolutionNode = FALSE
	EndGlobalSection
	GlobalSection(ExtensibilityGlobals) = postSolution
		SolutionGuid = {2DFDFA2D-9557-47FA-B86B-9D0EC6D0607E}
	EndGlobalSection
EndGlobal
