Microsoft Visual Studio Solution File, Format Version 12.00
# Visual Studio Version 17
VisualStudioVersion = 17.5.2.0
MinimumVisualStudioVersion = 10.0.40219.1
Project("{FAE04EC0-301F-11D3-BF4B-00C04F79EFBC}") = "TestHangman", "TestHangman.csproj", "{1A01B853-A464-A070-1E83-08F999E5BB52}"
EndProject
Project("{2150E333-8FDC-42A3-9474-1A3956D46DE8}") = "1", "1", "{449797D3-9F3B-7CFB-E584-21C71A569BC5}"
EndProject
Project("{FAE04EC0-301F-11D3-BF4B-00C04F79EFBC}") = "lab-1-toliik-nooolik", "1\lab-1-toliik-nooolik.csproj", "{DCB62132-2914-4F04-20B7-F7849853E21A}"
EndProject
Global
	GlobalSection(SolutionConfigurationPlatforms) = preSolution
		Debug|Any CPU = Debug|Any CPU
		Release|Any CPU = Release|Any CPU
	EndGlobalSection
	GlobalSection(ProjectConfigurationPlatforms) = postSolution
		{1A01B853-A464-A070-1E83-08F999E5BB52}.Debug|Any CPU.ActiveCfg = Debug|Any CPU
		{1A01B853-A464-A070-1E83-08F999E5BB52}.Debug|Any CPU.Build.0 = Debug|Any CPU
		{1A01B853-A464-A070-1E83-08F999E5BB52}.Release|Any CPU.ActiveCfg = Release|Any CPU
		{1A01B853-A464-A070-1E83-08F999E5BB52}.Release|Any CPU.Build.0 = Release|Any CPU
		{DCB62132-2914-4F04-20B7-F7849853E21A}.Debug|Any CPU.ActiveCfg = Debug|Any CPU
		{DCB62132-2914-4F04-20B7-F7849853E21A}.Debug|Any CPU.Build.0 = Debug|Any CPU
		{DCB62132-2914-4F04-20B7-F7849853E21A}.Release|Any CPU.ActiveCfg = Release|Any CPU
		{DCB62132-2914-4F04-20B7-F7849853E21A}.Release|Any CPU.Build.0 = Release|Any CPU
	EndGlobalSection
	GlobalSection(SolutionProperties) = preSolution
		HideSolutionNode = FALSE
	EndGlobalSection
	GlobalSection(NestedProjects) = preSolution
		{DCB62132-2914-4F04-20B7-F7849853E21A} = {449797D3-9F3B-7CFB-E584-21C71A569BC5}
	EndGlobalSection
	GlobalSection(ExtensibilityGlobals) = postSolution
		SolutionGuid = {81677D32-31EA-4CAB-BA2D-69A08B4A32EE}
	EndGlobalSection
EndGlobal
